
Microsoft Visual Studio Solution File, Format Version 12.00
# Visual Studio Version 17
VisualStudioVersion = 17.5.002.0
MinimumVisualStudioVersion = 10.0.40219.1
Project("{9A19103F-16F7-4668-BE54-9A1E7A4F7556}") = "Learning", "Learning.csproj", "{9A5EDA64-A169-4C9C-9DFD-85FF2F33956D}"
EndProject
Global
	GlobalSection(SolutionConfigurationPlatforms) = preSolution
		Debug|Any CPU = Debug|Any CPU
		Release|Any CPU = Release|Any CPU
	EndGlobalSection
	GlobalSection(ProjectConfigurationPlatforms) = postSolution
		{9A5EDA64-A169-4C9C-9DFD-85FF2F33956D}.Debug|Any CPU.ActiveCfg = Debug|Any CPU
		{9A5EDA64-A169-4C9C-9DFD-85FF2F33956D}.Debug|Any CPU.Build.0 = Debug|Any CPU
		{9A5EDA64-A169-4C9C-9DFD-85FF2F33956D}.Release|Any CPU.ActiveCfg = Release|Any CPU
		{9A5EDA64-A169-4C9C-9DFD-85FF2F33956D}.Release|Any CPU.Build.0 = Release|Any CPU
	EndGlobalSection
	GlobalSection(SolutionProperties) = preSolution
		HideSolutionNode = FALSE
	EndGlobalSection
	GlobalSection(ExtensibilityGlobals) = postSolution
		SolutionGuid = {2ACF54D0-7841-4C0B-BBBB-B835BD1D31B4}
	EndGlobalSection
EndGlobal
